
Microsoft Visual Studio Solution File, Format Version 12.00
# Visual Studio Version 16
VisualStudioVersion = 16.0.32002.261
MinimumVisualStudioVersion = 10.0.40219.1
Project("{E24C65DC-7377-472B-9ABA-BC803B73C61A}") = "Web Site", "Web Site\", "{16255AD6-9596-43C4-9861-0AD6D2351C55}"
	ProjectSection(WebsiteProperties) = preProject
		TargetFrameworkMoniker = ".NETFramework,Version%3Dv4.7.2"
		Debug.AspNetCompiler.VirtualPath = "/localhost_53486"
		Debug.AspNetCompiler.PhysicalPath = "Web Site\"
		Debug.AspNetCompiler.TargetPath = "PrecompiledWeb\localhost_53486\"
		Debug.AspNetCompiler.Updateable = "true"
		Debug.AspNetCompiler.ForceOverwrite = "true"
		Debug.AspNetCompiler.FixedNames = "false"
		Debug.AspNetCompiler.Debug = "True"
		Release.AspNetCompiler.VirtualPath = "/localhost_53486"
		Release.AspNetCompiler.PhysicalPath = "Web Site\"
		Release.AspNetCompiler.TargetPath = "PrecompiledWeb\localhost_53486\"
		Release.AspNetCompiler.Updateable = "true"
		Release.AspNetCompiler.ForceOverwrite = "true"
		Release.AspNetCompiler.FixedNames = "false"
		Release.AspNetCompiler.Debug = "False"
		VWDPort = "53486"
		SlnRelativePath = "Web Site\"
		DefaultWebSiteLanguage = "Visual C#"
	EndProjectSection
EndProject
Global
	GlobalSection(SolutionConfigurationPlatforms) = preSolution
		Debug|Any CPU = Debug|Any CPU
	EndGlobalSection
	GlobalSection(ProjectConfigurationPlatforms) = postSolution
		{16255AD6-9596-43C4-9861-0AD6D2351C55}.Debug|Any CPU.ActiveCfg = Debug|Any CPU
		{16255AD6-9596-43C4-9861-0AD6D2351C55}.Debug|Any CPU.Build.0 = Debug|Any CPU
	EndGlobalSection
	GlobalSection(SolutionProperties) = preSolution
		HideSolutionNode = FALSE
	EndGlobalSection
	GlobalSection(ExtensibilityGlobals) = postSolution
		SolutionGuid = {754E09CF-1D07-477C-AA63-0F375F403596}
	EndGlobalSection
EndGlobal
